
Microsoft Visual Studio Solution File, Format Version 12.00
# Visual Studio Version 17
VisualStudioVersion = 17.2.32630.192
MinimumVisualStudioVersion = 10.0.40219.1
Project("{FAE04EC0-301F-11D3-BF4B-00C04F79EFBC}") = "teste_lista", "teste_lista\teste_lista.csproj", "{EA42E708-16A0-4491-800F-FF834C2386EC}"
EndProject
Global
	GlobalSection(SolutionConfigurationPlatforms) = preSolution
		Debug|Any CPU = Debug|Any CPU
		Release|Any CPU = Release|Any CPU
	EndGlobalSection
	GlobalSection(ProjectConfigurationPlatforms) = postSolution
		{EA42E708-16A0-4491-800F-FF834C2386EC}.Debug|Any CPU.ActiveCfg = Debug|Any CPU
		{EA42E708-16A0-4491-800F-FF834C2386EC}.Debug|Any CPU.Build.0 = Debug|Any CPU
		{EA42E708-16A0-4491-800F-FF834C2386EC}.Release|Any CPU.ActiveCfg = Release|Any CPU
		{EA42E708-16A0-4491-800F-FF834C2386EC}.Release|Any CPU.Build.0 = Release|Any CPU
	EndGlobalSection
	GlobalSection(SolutionProperties) = preSolution
		HideSolutionNode = FALSE
	EndGlobalSection
	GlobalSection(ExtensibilityGlobals) = postSolution
		SolutionGuid = {B25ECB27-DBE4-4EA9-B032-D8ADECE0448B}
	EndGlobalSection
EndGlobal
